// !$*UTF8*$!
{
	archiveVersion = 1;
	classes = {
	};
	objectVersion = 51;
	objects = {

/* Begin PBXBuildFile section */
		0459413B49EA25D7BBE4BBBB /* Pods_Online_Shop_Application___Market.framework in Frameworks */ = {isa = PBXBuildFile; fileRef = D61568087D0939B097D54317 /* Pods_Online_Shop_Application___Market.framework */; };
		B4FE3AC5243F053500F73FEF /* AppDelegate.swift in Sources */ = {isa = PBXBuildFile; fileRef = B4FE3AC4243F053500F73FEF /* AppDelegate.swift */; };
		B4FE3AC7243F053500F73FEF /* SceneDelegate.swift in Sources */ = {isa = PBXBuildFile; fileRef = B4FE3AC6243F053500F73FEF /* SceneDelegate.swift */; };
		B4FE3AC9243F053500F73FEF /* ViewController.swift in Sources */ = {isa = PBXBuildFile; fileRef = B4FE3AC8243F053500F73FEF /* ViewController.swift */; };
		B4FE3ACC243F053500F73FEF /* Main.storyboard in Resources */ = {isa = PBXBuildFile; fileRef = B4FE3ACA243F053500F73FEF /* Main.storyboard */; };
		B4FE3ACE243F053700F73FEF /* Assets.xcassets in Resources */ = {isa = PBXBuildFile; fileRef = B4FE3ACD243F053700F73FEF /* Assets.xcassets */; };
		B4FE3AD1243F053700F73FEF /* LaunchScreen.storyboard in Resources */ = {isa = PBXBuildFile; fileRef = B4FE3ACF243F053700F73FEF /* LaunchScreen.storyboard */; };
		B4FE3AD9243F1A4200F73FEF /* CategoryCollectionViewController.swift in Sources */ = {isa = PBXBuildFile; fileRef = B4FE3AD8243F1A4200F73FEF /* CategoryCollectionViewController.swift */; };
		B4FE3ADB243F1AA500F73FEF /* CategoryCollectionViewCell.swift in Sources */ = {isa = PBXBuildFile; fileRef = B4FE3ADA243F1AA500F73FEF /* CategoryCollectionViewCell.swift */; };
		B4FE3ADD243F1B4A00F73FEF /* GoogleService-Info.plist in Resources */ = {isa = PBXBuildFile; fileRef = B4FE3ADC243F1B4A00F73FEF /* GoogleService-Info.plist */; };
		B4FE3ADF243F1C5400F73FEF /* FirebaseCollectionReference.swift in Sources */ = {isa = PBXBuildFile; fileRef = B4FE3ADE243F1C5400F73FEF /* FirebaseCollectionReference.swift */; };
		B4FE3AE4243F319100F73FEF /* Category.swift in Sources */ = {isa = PBXBuildFile; fileRef = B4FE3AE3243F319100F73FEF /* Category.swift */; };
		B4FE3AE7243F3A6A00F73FEF /* Constants.swift in Sources */ = {isa = PBXBuildFile; fileRef = B4FE3AE6243F3A6A00F73FEF /* Constants.swift */; };
/* End PBXBuildFile section */

/* Begin PBXFileReference section */
		1BDB8A9E5370E8E181F788B5 /* Pods-Online Shop Application - Market.debug.xcconfig */ = {isa = PBXFileReference; includeInIndex = 1; lastKnownFileType = text.xcconfig; name = "Pods-Online Shop Application - Market.debug.xcconfig"; path = "Target Support Files/Pods-Online Shop Application - Market/Pods-Online Shop Application - Market.debug.xcconfig"; sourceTree = "<group>"; };
		6164A7E7707FA51394C34F7C /* Pods-Online Shop Application - Market.release.xcconfig */ = {isa = PBXFileReference; includeInIndex = 1; lastKnownFileType = text.xcconfig; name = "Pods-Online Shop Application - Market.release.xcconfig"; path = "Target Support Files/Pods-Online Shop Application - Market/Pods-Online Shop Application - Market.release.xcconfig"; sourceTree = "<group>"; };
		B4FE3AC1243F053500F73FEF /* Online Shop Application - Market.app */ = {isa = PBXFileReference; explicitFileType = wrapper.application; includeInIndex = 0; path = "Online Shop Application - Market.app"; sourceTree = BUILT_PRODUCTS_DIR; };
		B4FE3AC4243F053500F73FEF /* AppDelegate.swift */ = {isa = PBXFileReference; lastKnownFileType = sourcecode.swift; path = AppDelegate.swift; sourceTree = "<group>"; };
		B4FE3AC6243F053500F73FEF /* SceneDelegate.swift */ = {isa = PBXFileReference; lastKnownFileType = sourcecode.swift; path = SceneDelegate.swift; sourceTree = "<group>"; };
		B4FE3AC8243F053500F73FEF /* ViewController.swift */ = {isa = PBXFileReference; lastKnownFileType = sourcecode.swift; path = ViewController.swift; sourceTree = "<group>"; };
		B4FE3ACB243F053500F73FEF /* Base */ = {isa = PBXFileReference; lastKnownFileType = file.storyboard; name = Base; path = Base.lproj/Main.storyboard; sourceTree = "<group>"; };
		B4FE3ACD243F053700F73FEF /* Assets.xcassets */ = {isa = PBXFileReference; lastKnownFileType = folder.assetcatalog; path = Assets.xcassets; sourceTree = "<group>"; };
		B4FE3AD0243F053700F73FEF /* Base */ = {isa = PBXFileReference; lastKnownFileType = file.storyboard; name = Base; path = Base.lproj/LaunchScreen.storyboard; sourceTree = "<group>"; };
		B4FE3AD2243F053700F73FEF /* Info.plist */ = {isa = PBXFileReference; lastKnownFileType = text.plist.xml; path = Info.plist; sourceTree = "<group>"; };
		B4FE3AD8243F1A4200F73FEF /* CategoryCollectionViewController.swift */ = {isa = PBXFileReference; lastKnownFileType = sourcecode.swift; path = CategoryCollectionViewController.swift; sourceTree = "<group>"; };
		B4FE3ADA243F1AA500F73FEF /* CategoryCollectionViewCell.swift */ = {isa = PBXFileReference; lastKnownFileType = sourcecode.swift; path = CategoryCollectionViewCell.swift; sourceTree = "<group>"; };
		B4FE3ADC243F1B4A00F73FEF /* GoogleService-Info.plist */ = {isa = PBXFileReference; fileEncoding = 4; lastKnownFileType = text.plist.xml; path = "GoogleService-Info.plist"; sourceTree = "<group>"; };
		B4FE3ADE243F1C5400F73FEF /* FirebaseCollectionReference.swift */ = {isa = PBXFileReference; lastKnownFileType = sourcecode.swift; path = FirebaseCollectionReference.swift; sourceTree = "<group>"; };
		B4FE3AE3243F319100F73FEF /* Category.swift */ = {isa = PBXFileReference; lastKnownFileType = sourcecode.swift; path = Category.swift; sourceTree = "<group>"; };
		B4FE3AE6243F3A6A00F73FEF /* Constants.swift */ = {isa = PBXFileReference; lastKnownFileType = sourcecode.swift; path = Constants.swift; sourceTree = "<group>"; };
		D61568087D0939B097D54317 /* Pods_Online_Shop_Application___Market.framework */ = {isa = PBXFileReference; explicitFileType = wrapper.framework; includeInIndex = 0; path = "Pods_Online_Shop_Application___Market.framework"; sourceTree = BUILT_PRODUCTS_DIR; };
/* End PBXFileReference section */

/* Begin PBXFrameworksBuildPhase section */
		B4FE3ABE243F053500F73FEF /* Frameworks */ = {
			isa = PBXFrameworksBuildPhase;
			buildActionMask = 2147483647;
			files = (
				0459413B49EA25D7BBE4BBBB /* Pods_Online_Shop_Application___Market.framework in Frameworks */,
			);
			runOnlyForDeploymentPostprocessing = 0;
		};
/* End PBXFrameworksBuildPhase section */

/* Begin PBXGroup section */
		98D7351C914B77BA1F1C0491 /* Pods */ = {
			isa = PBXGroup;
			children = (
				1BDB8A9E5370E8E181F788B5 /* Pods-Online Shop Application - Market.debug.xcconfig */,
				6164A7E7707FA51394C34F7C /* Pods-Online Shop Application - Market.release.xcconfig */,
			);
			path = Pods;
			sourceTree = "<group>";
		};
		B4FE3AB8243F053400F73FEF = {
			isa = PBXGroup;
			children = (
				B4FE3AC3243F053500F73FEF /* Online Shop Application - Market */,
				B4FE3AC2243F053500F73FEF /* Products */,
				98D7351C914B77BA1F1C0491 /* Pods */,
				EACAE792414A314A7554464E /* Frameworks */,
			);
			sourceTree = "<group>";
		};
		B4FE3AC2243F053500F73FEF /* Products */ = {
			isa = PBXGroup;
			children = (
				B4FE3AC1243F053500F73FEF /* Online Shop Application - Market.app */,
			);
			name = Products;
			sourceTree = "<group>";
		};
		B4FE3AC3243F053500F73FEF /* Online Shop Application - Market */ = {
			isa = PBXGroup;
			children = (
				B4FE3AC4243F053500F73FEF /* AppDelegate.swift */,
				B4FE3AC6243F053500F73FEF /* SceneDelegate.swift */,
				B4FE3AC8243F053500F73FEF /* ViewController.swift */,
				B4FE3ACA243F053500F73FEF /* Main.storyboard */,
				B4FE3ACD243F053700F73FEF /* Assets.xcassets */,
				B4FE3ACF243F053700F73FEF /* LaunchScreen.storyboard */,
				B4FE3AD2243F053700F73FEF /* Info.plist */,
				B4FE3AE1243F317100F73FEF /* Main Views */,
				B4FE3AE2243F317A00F73FEF /* Custom Cells */,
				B4FE3AE5243F319600F73FEF /* Models */,
				B4FE3AE0243F316700F73FEF /* Helpers */,
				B4FE3ADC243F1B4A00F73FEF /* GoogleService-Info.plist */,
			);
			path = "Online Shop Application - Market";
			sourceTree = "<group>";
		};
		B4FE3AE0243F316700F73FEF /* Helpers */ = {
			isa = PBXGroup;
			children = (
				B4FE3ADE243F1C5400F73FEF /* FirebaseCollectionReference.swift */,
				B4FE3AE6243F3A6A00F73FEF /* Constants.swift */,
			);
			path = Helpers;
			sourceTree = "<group>";
		};
		B4FE3AE1243F317100F73FEF /* Main Views */ = {
			isa = PBXGroup;
			children = (
				B4FE3AD8243F1A4200F73FEF /* CategoryCollectionViewController.swift */,
			);
			path = "Main Views";
			sourceTree = "<group>";
		};
		B4FE3AE2243F317A00F73FEF /* Custom Cells */ = {
			isa = PBXGroup;
			children = (
				B4FE3ADA243F1AA500F73FEF /* CategoryCollectionViewCell.swift */,
			);
			path = "Custom Cells";
			sourceTree = "<group>";
		};
		B4FE3AE5243F319600F73FEF /* Models */ = {
			isa = PBXGroup;
			children = (
				B4FE3AE3243F319100F73FEF /* Category.swift */,
			);
			path = Models;
			sourceTree = "<group>";
		};
		EACAE792414A314A7554464E /* Frameworks */ = {
			isa = PBXGroup;
			children = (
				D61568087D0939B097D54317 /* Pods_Online_Shop_Application___Market.framework */,
			);
			name = Frameworks;
			sourceTree = "<group>";
		};
/* End PBXGroup section */

/* Begin PBXNativeTarget section */
		B4FE3AC0243F053500F73FEF /* Online Shop Application - Market */ = {
			isa = PBXNativeTarget;
			buildConfigurationList = B4FE3AD5243F053700F73FEF /* Build configuration list for PBXNativeTarget "Online Shop Application - Market" */;
			buildPhases = (
				6A22CE04464C5066CBF7E44E /* [CP] Check Pods Manifest.lock */,
				B4FE3ABD243F053500F73FEF /* Sources */,
				B4FE3ABE243F053500F73FEF /* Frameworks */,
				B4FE3ABF243F053500F73FEF /* Resources */,
				86AF7DDE8D8E7A4C70321895 /* [CP] Embed Pods Frameworks */,
			);
			buildRules = (
			);
			dependencies = (
			);
			name = "Online Shop Application - Market";
			productName = "Online Shop Application - Market";
			productReference = B4FE3AC1243F053500F73FEF /* Online Shop Application - Market.app */;
			productType = "com.apple.product-type.application";
		};
/* End PBXNativeTarget section */

/* Begin PBXProject section */
		B4FE3AB9243F053500F73FEF /* Project object */ = {
			isa = PBXProject;
			attributes = {
				LastSwiftUpdateCheck = 1130;
				LastUpgradeCheck = 1130;
				ORGANIZATIONNAME = "Erdem Özgür";
				TargetAttributes = {
					B4FE3AC0243F053500F73FEF = {
						CreatedOnToolsVersion = 11.3.1;
					};
				};
			};
			buildConfigurationList = B4FE3ABC243F053500F73FEF /* Build configuration list for PBXProject "Online Shop Application - Market" */;
			compatibilityVersion = "Xcode 9.3";
			developmentRegion = en;
			hasScannedForEncodings = 0;
			knownRegions = (
				en,
				Base,
			);
			mainGroup = B4FE3AB8243F053400F73FEF;
			productRefGroup = B4FE3AC2243F053500F73FEF /* Products */;
			projectDirPath = "";
			projectRoot = "";
			targets = (
				B4FE3AC0243F053500F73FEF /* Online Shop Application - Market */,
			);
		};
/* End PBXProject section */

/* Begin PBXResourcesBuildPhase section */
		B4FE3ABF243F053500F73FEF /* Resources */ = {
			isa = PBXResourcesBuildPhase;
			buildActionMask = 2147483647;
			files = (
				B4FE3AD1243F053700F73FEF /* LaunchScreen.storyboard in Resources */,
				B4FE3ADD243F1B4A00F73FEF /* GoogleService-Info.plist in Resources */,
				B4FE3ACE243F053700F73FEF /* Assets.xcassets in Resources */,
				B4FE3ACC243F053500F73FEF /* Main.storyboard in Resources */,
			);
			runOnlyForDeploymentPostprocessing = 0;
		};
/* End PBXResourcesBuildPhase section */

/* Begin PBXShellScriptBuildPhase section */
		6A22CE04464C5066CBF7E44E /* [CP] Check Pods Manifest.lock */ = {
			isa = PBXShellScriptBuildPhase;
			buildActionMask = 2147483647;
			files = (
			);
			inputFileListPaths = (
			);
			inputPaths = (
				"${PODS_PODFILE_DIR_PATH}/Podfile.lock",
				"${PODS_ROOT}/Manifest.lock",
			);
			name = "[CP] Check Pods Manifest.lock";
			outputFileListPaths = (
			);
			outputPaths = (
				"$(DERIVED_FILE_DIR)/Pods-Online Shop Application - Market-checkManifestLockResult.txt",
			);
			runOnlyForDeploymentPostprocessing = 0;
			shellPath = /bin/sh;
			shellScript = "diff \"${PODS_PODFILE_DIR_PATH}/Podfile.lock\" \"${PODS_ROOT}/Manifest.lock\" > /dev/null\nif [ $? != 0 ] ; then\n    # print error to STDERR\n    echo \"error: The sandbox is not in sync with the Podfile.lock. Run 'pod install' or update your CocoaPods installation.\" >&2\n    exit 1\nfi\n# This output is used by Xcode 'outputs' to avoid re-running this script phase.\necho \"SUCCESS\" > \"${SCRIPT_OUTPUT_FILE_0}\"\n";
			showEnvVarsInLog = 0;
		};
		86AF7DDE8D8E7A4C70321895 /* [CP] Embed Pods Frameworks */ = {
			isa = PBXShellScriptBuildPhase;
			buildActionMask = 2147483647;
			files = (
			);
			inputFileListPaths = (
				"${PODS_ROOT}/Target Support Files/Pods-Online Shop Application - Market/Pods-Online Shop Application - Market-frameworks-${CONFIGURATION}-input-files.xcfilelist",
			);
			name = "[CP] Embed Pods Frameworks";
			outputFileListPaths = (
				"${PODS_ROOT}/Target Support Files/Pods-Online Shop Application - Market/Pods-Online Shop Application - Market-frameworks-${CONFIGURATION}-output-files.xcfilelist",
			);
			runOnlyForDeploymentPostprocessing = 0;
			shellPath = /bin/sh;
			shellScript = "\"${PODS_ROOT}/Target Support Files/Pods-Online Shop Application - Market/Pods-Online Shop Application - Market-frameworks.sh\"\n";
			showEnvVarsInLog = 0;
		};
/* End PBXShellScriptBuildPhase section */

/* Begin PBXSourcesBuildPhase section */
		B4FE3ABD243F053500F73FEF /* Sources */ = {
			isa = PBXSourcesBuildPhase;
			buildActionMask = 2147483647;
			files = (
				B4FE3ADF243F1C5400F73FEF /* FirebaseCollectionReference.swift in Sources */,
				B4FE3AC9243F053500F73FEF /* ViewController.swift in Sources */,
				B4FE3ADB243F1AA500F73FEF /* CategoryCollectionViewCell.swift in Sources */,
				B4FE3AC5243F053500F73FEF /* AppDelegate.swift in Sources */,
				B4FE3AD9243F1A4200F73FEF /* CategoryCollectionViewController.swift in Sources */,
				B4FE3AC7243F053500F73FEF /* SceneDelegate.swift in Sources */,
				B4FE3AE4243F319100F73FEF /* Category.swift in Sources */,
				B4FE3AE7243F3A6A00F73FEF /* Constants.swift in Sources */,
			);
			runOnlyForDeploymentPostprocessing = 0;
		};
/* End PBXSourcesBuildPhase section */

/* Begin PBXVariantGroup section */
		B4FE3ACA243F053500F73FEF /* Main.storyboard */ = {
			isa = PBXVariantGroup;
			children = (
				B4FE3ACB243F053500F73FEF /* Base */,
			);
			name = Main.storyboard;
			sourceTree = "<group>";
		};
		B4FE3ACF243F053700F73FEF /* LaunchScreen.storyboard */ = {
			isa = PBXVariantGroup;
			children = (
				B4FE3AD0243F053700F73FEF /* Base */,
			);
			name = LaunchScreen.storyboard;
			sourceTree = "<group>";
		};
/* End PBXVariantGroup section */

/* Begin XCBuildConfiguration section */
		B4FE3AD3243F053700F73FEF /* Debug */ = {
			isa = XCBuildConfiguration;
			buildSettings = {
				ALWAYS_SEARCH_USER_PATHS = NO;
				CLANG_ANALYZER_NONNULL = YES;
				CLANG_ANALYZER_NUMBER_OBJECT_CONVERSION = YES_AGGRESSIVE;
				CLANG_CXX_LANGUAGE_STANDARD = "gnu++14";
				CLANG_CXX_LIBRARY = "libc++";
				CLANG_ENABLE_MODULES = YES;
				CLANG_ENABLE_OBJC_ARC = YES;
				CLANG_ENABLE_OBJC_WEAK = YES;
				CLANG_WARN_BLOCK_CAPTURE_AUTORELEASING = YES;
				CLANG_WARN_BOOL_CONVERSION = YES;
				CLANG_WARN_COMMA = YES;
				CLANG_WARN_CONSTANT_CONVERSION = YES;
				CLANG_WARN_DEPRECATED_OBJC_IMPLEMENTATIONS = YES;
				CLANG_WARN_DIRECT_OBJC_ISA_USAGE = YES_ERROR;
				CLANG_WARN_DOCUMENTATION_COMMENTS = YES;
				CLANG_WARN_EMPTY_BODY = YES;
				CLANG_WARN_ENUM_CONVERSION = YES;
				CLANG_WARN_INFINITE_RECURSION = YES;
				CLANG_WARN_INT_CONVERSION = YES;
				CLANG_WARN_NON_LITERAL_NULL_CONVERSION = YES;
				CLANG_WARN_OBJC_IMPLICIT_RETAIN_SELF = YES;
				CLANG_WARN_OBJC_LITERAL_CONVERSION = YES;
				CLANG_WARN_OBJC_ROOT_CLASS = YES_ERROR;
				CLANG_WARN_RANGE_LOOP_ANALYSIS = YES;
				CLANG_WARN_STRICT_PROTOTYPES = YES;
				CLANG_WARN_SUSPICIOUS_MOVE = YES;
				CLANG_WARN_UNGUARDED_AVAILABILITY = YES_AGGRESSIVE;
				CLANG_WARN_UNREACHABLE_CODE = YES;
				CLANG_WARN__DUPLICATE_METHOD_MATCH = YES;
				COPY_PHASE_STRIP = NO;
				DEBUG_INFORMATION_FORMAT = dwarf;
				ENABLE_STRICT_OBJC_MSGSEND = YES;
				ENABLE_TESTABILITY = YES;
				GCC_C_LANGUAGE_STANDARD = gnu11;
				GCC_DYNAMIC_NO_PIC = NO;
				GCC_NO_COMMON_BLOCKS = YES;
				GCC_OPTIMIZATION_LEVEL = 0;
				GCC_PREPROCESSOR_DEFINITIONS = (
					"DEBUG=1",
					"$(inherited)",
				);
				GCC_WARN_64_TO_32_BIT_CONVERSION = YES;
				GCC_WARN_ABOUT_RETURN_TYPE = YES_ERROR;
				GCC_WARN_UNDECLARED_SELECTOR = YES;
				GCC_WARN_UNINITIALIZED_AUTOS = YES_AGGRESSIVE;
				GCC_WARN_UNUSED_FUNCTION = YES;
				GCC_WARN_UNUSED_VARIABLE = YES;
				IPHONEOS_DEPLOYMENT_TARGET = 13.2;
				MTL_ENABLE_DEBUG_INFO = INCLUDE_SOURCE;
				MTL_FAST_MATH = YES;
				ONLY_ACTIVE_ARCH = YES;
				SDKROOT = iphoneos;
				SWIFT_ACTIVE_COMPILATION_CONDITIONS = DEBUG;
				SWIFT_OPTIMIZATION_LEVEL = "-Onone";
			};
			name = Debug;
		};
		B4FE3AD4243F053700F73FEF /* Release */ = {
			isa = XCBuildConfiguration;
			buildSettings = {
				ALWAYS_SEARCH_USER_PATHS = NO;
				CLANG_ANALYZER_NONNULL = YES;
				CLANG_ANALYZER_NUMBER_OBJECT_CONVERSION = YES_AGGRESSIVE;
				CLANG_CXX_LANGUAGE_STANDARD = "gnu++14";
				CLANG_CXX_LIBRARY = "libc++";
				CLANG_ENABLE_MODULES = YES;
				CLANG_ENABLE_OBJC_ARC = YES;
				CLANG_ENABLE_OBJC_WEAK = YES;
				CLANG_WARN_BLOCK_CAPTURE_AUTORELEASING = YES;
				CLANG_WARN_BOOL_CONVERSION = YES;
				CLANG_WARN_COMMA = YES;
				CLANG_WARN_CONSTANT_CONVERSION = YES;
				CLANG_WARN_DEPRECATED_OBJC_IMPLEMENTATIONS = YES;
				CLANG_WARN_DIRECT_OBJC_ISA_USAGE = YES_ERROR;
				CLANG_WARN_DOCUMENTATION_COMMENTS = YES;
				CLANG_WARN_EMPTY_BODY = YES;
				CLANG_WARN_ENUM_CONVERSION = YES;
				CLANG_WARN_INFINITE_RECURSION = YES;
				CLANG_WARN_INT_CONVERSION = YES;
				CLANG_WARN_NON_LITERAL_NULL_CONVERSION = YES;
				CLANG_WARN_OBJC_IMPLICIT_RETAIN_SELF = YES;
				CLANG_WARN_OBJC_LITERAL_CONVERSION = YES;
				CLANG_WARN_OBJC_ROOT_CLASS = YES_ERROR;
				CLANG_WARN_RANGE_LOOP_ANALYSIS = YES;
				CLANG_WARN_STRICT_PROTOTYPES = YES;
				CLANG_WARN_SUSPICIOUS_MOVE = YES;
				CLANG_WARN_UNGUARDED_AVAILABILITY = YES_AGGRESSIVE;
				CLANG_WARN_UNREACHABLE_CODE = YES;
				CLANG_WARN__DUPLICATE_METHOD_MATCH = YES;
				COPY_PHASE_STRIP = NO;
				DEBUG_INFORMATION_FORMAT = "dwarf-with-dsym";
				ENABLE_NS_ASSERTIONS = NO;
				ENABLE_STRICT_OBJC_MSGSEND = YES;
				GCC_C_LANGUAGE_STANDARD = gnu11;
				GCC_NO_COMMON_BLOCKS = YES;
				GCC_WARN_64_TO_32_BIT_CONVERSION = YES;
				GCC_WARN_ABOUT_RETURN_TYPE = YES_ERROR;
				GCC_WARN_UNDECLARED_SELECTOR = YES;
				GCC_WARN_UNINITIALIZED_AUTOS = YES_AGGRESSIVE;
				GCC_WARN_UNUSED_FUNCTION = YES;
				GCC_WARN_UNUSED_VARIABLE = YES;
				IPHONEOS_DEPLOYMENT_TARGET = 13.2;
				MTL_ENABLE_DEBUG_INFO = NO;
				MTL_FAST_MATH = YES;
				SDKROOT = iphoneos;
				SWIFT_COMPILATION_MODE = wholemodule;
				SWIFT_OPTIMIZATION_LEVEL = "-O";
				VALIDATE_PRODUCT = YES;
			};
			name = Release;
		};
		B4FE3AD6243F053700F73FEF /* Debug */ = {
			isa = XCBuildConfiguration;
			baseConfigurationReference = 1BDB8A9E5370E8E181F788B5 /* Pods-Online Shop Application - Market.debug.xcconfig */;
			buildSettings = {
				ASSETCATALOG_COMPILER_APPICON_NAME = AppIcon;
				CODE_SIGN_STYLE = Automatic;
				DEVELOPMENT_TEAM = 6T542AJZ28;
				INFOPLIST_FILE = "Online Shop Application - Market/Info.plist";
				LD_RUNPATH_SEARCH_PATHS = (
					"$(inherited)",
					"@executable_path/Frameworks",
				);
				PRODUCT_BUNDLE_IDENTIFIER = "com.iMedre.Online-Shop-Application---Market";
				PRODUCT_NAME = "$(TARGET_NAME)";
				SWIFT_VERSION = 5.0;
				TARGETED_DEVICE_FAMILY = "1,2";
			};
			name = Debug;
		};
		B4FE3AD7243F053700F73FEF /* Release */ = {
			isa = XCBuildConfiguration;
			baseConfigurationReference = 6164A7E7707FA51394C34F7C /* Pods-Online Shop Application - Market.release.xcconfig */;
			buildSettings = {
				ASSETCATALOG_COMPILER_APPICON_NAME = AppIcon;
				CODE_SIGN_STYLE = Automatic;
				DEVELOPMENT_TEAM = 6T542AJZ28;
				INFOPLIST_FILE = "Online Shop Application - Market/Info.plist";
				LD_RUNPATH_SEARCH_PATHS = (
					"$(inherited)",
					"@executable_path/Frameworks",
				);
				PRODUCT_BUNDLE_IDENTIFIER = "com.iMedre.Online-Shop-Application---Market";
				PRODUCT_NAME = "$(TARGET_NAME)";
				SWIFT_VERSION = 5.0;
				TARGETED_DEVICE_FAMILY = "1,2";
			};
			name = Release;
		};
/* End XCBuildConfiguration section */

/* Begin XCConfigurationList section */
		B4FE3ABC243F053500F73FEF /* Build configuration list for PBXProject "Online Shop Application - Market" */ = {
			isa = XCConfigurationList;
			buildConfigurations = (
				B4FE3AD3243F053700F73FEF /* Debug */,
				B4FE3AD4243F053700F73FEF /* Release */,
			);
			defaultConfigurationIsVisible = 0;
			defaultConfigurationName = Release;
		};
		B4FE3AD5243F053700F73FEF /* Build configuration list for PBXNativeTarget "Online Shop Application - Market" */ = {
			isa = XCConfigurationList;
			buildConfigurations = (
				B4FE3AD6243F053700F73FEF /* Debug */,
				B4FE3AD7243F053700F73FEF /* Release */,
			);
			defaultConfigurationIsVisible = 0;
			defaultConfigurationName = Release;
		};
/* End XCConfigurationList section */
	};
	rootObject = B4FE3AB9243F053500F73FEF /* Project object */;
}
